NeoBundleLock neocomplete 30069ef1d9449eb707d8eb06d029187cff5afc3b
NeoBundleLock vim-css3-syntax d6b86507f70fd183a37682a90dc48b9ffc63c093
NeoBundleLock vim-coffee-script 827e4a38b07479433b619091469a7495a392df8a
NeoBundleLock vim-hybrid 471b235306b94850a3c6b1d2d9e5203e9919c15e
NeoBundleLock auto-pairs c2f60ca2e57fb65d2230c6fe58e7aba5ab065b2e
NeoBundleLock neosnippet 811176b29b1a60a164c9878f8dcbe4a680ee32e5
NeoBundleLock neobundle.vim a4c2ce81f007144e34a7064325d55b94beb04f0d
NeoBundleLock vim-surround fa433e0b7330753688f715f3be5d10dc480f20e5
NeoBundleLock html5.vim abaf4f8a829bd01cc460eb63768debc7c28a6ff5
NeoBundleLock emmet-vim 0d63cc76aa171dc8e6d8c6393a1b6eaa5f7b9cc7
NeoBundleLock clang_complete f241549019bf17443c37239162ac6313497e9a53
NeoBundleLock vim-haml 204e32721154766e03e99ff857bc798aa5b741dc
NeoBundleLock neosnippet-snippets 1dcfdffd7e774f3634c257b8ede0173465454dac
NeoBundleLock webapi-vim a7789abffe936db56e3152e23733847f94755753
